
Microsoft Visual Studio Solution File, Format Version 12.00
Project("{FAE04EC0-301F-11D3-BF4B-00C04F79EFBC}") = "Tests", "Tests.csproj", "{3F69FF66-1D63-4CD4-90E7-992AD618D2B9}"
EndProject
Project("{FAE04EC0-301F-11D3-BF4B-00C04F79EFBC}") = "Unity", "..\..\Unity\Unity\Unity.csproj", "{A8ED9270-3DDB-4828-8C30-A3FDEC52661B}"
EndProject
Global
	GlobalSection(SolutionConfigurationPlatforms) = preSolution
		Debug|Any CPU = Debug|Any CPU
		Release|Any CPU = Release|Any CPU
	EndGlobalSection
	GlobalSection(ProjectConfigurationPlatforms) = postSolution
		{3F69FF66-1D63-4CD4-90E7-992AD618D2B9}.Debug|Any CPU.ActiveCfg = Debug|Any CPU
		{3F69FF66-1D63-4CD4-90E7-992AD618D2B9}.Debug|Any CPU.Build.0 = Debug|Any CPU
		{3F69FF66-1D63-4CD4-90E7-992AD618D2B9}.Release|Any CPU.ActiveCfg = Release|Any CPU
		{3F69FF66-1D63-4CD4-90E7-992AD618D2B9}.Release|Any CPU.Build.0 = Release|Any CPU
		{A8ED9270-3DDB-4828-8C30-A3FDEC52661B}.Debug|Any CPU.ActiveCfg = Debug|Any CPU
		{A8ED9270-3DDB-4828-8C30-A3FDEC52661B}.Debug|Any CPU.Build.0 = Debug|Any CPU
		{A8ED9270-3DDB-4828-8C30-A3FDEC52661B}.Release|Any CPU.ActiveCfg = Release|Any CPU
		{A8ED9270-3DDB-4828-8C30-A3FDEC52661B}.Release|Any CPU.Build.0 = Release|Any CPU
	EndGlobalSection
EndGlobal
